
Microsoft Visual Studio Solution File, Format Version 12.00
# Visual Studio Version 16
VisualStudioVersion = 16.0.31624.102
MinimumVisualStudioVersion = 10.0.40219.1
Project("{2150E333-8FDC-42A3-9474-1A3956D46DE8}") = "CleanArch.Application", "CleanArch.Application", "{83D49EE3-733F-4AAB-AF9C-7B6128499350}"
EndProject
Project("{2150E333-8FDC-42A3-9474-1A3956D46DE8}") = "CleanArch.Domain", "CleanArch.Domain", "{4015B264-0C35-4112-8635-40B28616CB05}"
EndProject
Project("{2150E333-8FDC-42A3-9474-1A3956D46DE8}") = "CleanArch.Infra.Data", "CleanArch.Infra.Data", "{1812DDCE-0775-460C-B33E-11EE417C49D2}"
EndProject
Project("{2150E333-8FDC-42A3-9474-1A3956D46DE8}") = "CleanArch.Infra.IoC", "CleanArch.Infra.IoC", "{1EA31B3F-BC9E-4AE6-9BA2-943AE274FA50}"
EndProject
Project("{2150E333-8FDC-42A3-9474-1A3956D46DE8}") = "CleanArch.UI.Mvc", "CleanArch.UI.Mvc", "{00983DE3-CB8B-4B40-9E41-B95D564395C0}"
EndProject
Project("{FAE04EC0-301F-11D3-BF4B-00C04F79EFBC}") = "CleanArch.Mvc", "CleanArch.Mvc\CleanArch.Mvc.csproj", "{15CF16EF-47A4-411E-9467-FF8F67A80696}"
EndProject
Global
	GlobalSection(SolutionConfigurationPlatforms) = preSolution
		Debug|Any CPU = Debug|Any CPU
		Release|Any CPU = Release|Any CPU
	EndGlobalSection
	GlobalSection(ProjectConfigurationPlatforms) = postSolution
		{15CF16EF-47A4-411E-9467-FF8F67A80696}.Debug|Any CPU.ActiveCfg = Debug|Any CPU
		{15CF16EF-47A4-411E-9467-FF8F67A80696}.Debug|Any CPU.Build.0 = Debug|Any CPU
		{15CF16EF-47A4-411E-9467-FF8F67A80696}.Release|Any CPU.ActiveCfg = Release|Any CPU
		{15CF16EF-47A4-411E-9467-FF8F67A80696}.Release|Any CPU.Build.0 = Release|Any CPU
	EndGlobalSection
	GlobalSection(SolutionProperties) = preSolution
		HideSolutionNode = FALSE
	EndGlobalSection
	GlobalSection(NestedProjects) = preSolution
		{15CF16EF-47A4-411E-9467-FF8F67A80696} = {00983DE3-CB8B-4B40-9E41-B95D564395C0}
	EndGlobalSection
	GlobalSection(ExtensibilityGlobals) = postSolution
		SolutionGuid = {5B4AB7A2-6087-41F3-AF1F-927AA455AC20}
	EndGlobalSection
EndGlobal
